
Microsoft Visual Studio Solution File, Format Version 12.00
# Visual Studio Version 17
VisualStudioVersion = 17.5.33414.496
MinimumVisualStudioVersion = 10.0.40219.1
Project("{FAE04EC0-301F-11D3-BF4B-00C04F79EFBC}") = "UWP Codec Info", "UWP Codec Info.csproj", "{28D502B9-297C-453A-8011-DFF95418A2EE}"
EndProject
Project("{2150E333-8FDC-42A3-9474-1A3956D46DE8}") = "Repo", "Repo", "{A8E2E69E-9859-42DB-ACDB-E99ACD478F0D}"
	ProjectSection(SolutionItems) = preProject
		.gitignore = .gitignore
		LICENSE = LICENSE
		README.md = README.md
	EndProjectSection
EndProject
Global
	GlobalSection(SolutionConfigurationPlatforms) = preSolution
		Debug|ARM = Debug|ARM
		Debug|ARM64 = Debug|ARM64
		Debug|x64 = Debug|x64
		Debug|x86 = Debug|x86
		Release|ARM = Release|ARM
		Release|ARM64 = Release|ARM64
		Release|x64 = Release|x64
		Release|x86 = Release|x86
	EndGlobalSection
	GlobalSection(ProjectConfigurationPlatforms) = postSolution
		{28D502B9-297C-453A-8011-DFF95418A2EE}.Debug|ARM.ActiveCfg = Debug|ARM
		{28D502B9-297C-453A-8011-DFF95418A2EE}.Debug|ARM.Build.0 = Debug|ARM
		{28D502B9-297C-453A-8011-DFF95418A2EE}.Debug|ARM.Deploy.0 = Debug|ARM
		{28D502B9-297C-453A-8011-DFF95418A2EE}.Debug|ARM64.ActiveCfg = Debug|ARM64
		{28D502B9-297C-453A-8011-DFF95418A2EE}.Debug|ARM64.Build.0 = Debug|ARM64
		{28D502B9-297C-453A-8011-DFF95418A2EE}.Debug|ARM64.Deploy.0 = Debug|ARM64
		{28D502B9-297C-453A-8011-DFF95418A2EE}.Debug|x64.ActiveCfg = Debug|x64
		{28D502B9-297C-453A-8011-DFF95418A2EE}.Debug|x64.Build.0 = Debug|x64
		{28D502B9-297C-453A-8011-DFF95418A2EE}.Debug|x64.Deploy.0 = Debug|x64
		{28D502B9-297C-453A-8011-DFF95418A2EE}.Debug|x86.ActiveCfg = Debug|x86
		{28D502B9-297C-453A-8011-DFF95418A2EE}.Debug|x86.Build.0 = Debug|x86
		{28D502B9-297C-453A-8011-DFF95418A2EE}.Debug|x86.Deploy.0 = Debug|x86
		{28D502B9-297C-453A-8011-DFF95418A2EE}.Release|ARM.ActiveCfg = Release|ARM
		{28D502B9-297C-453A-8011-DFF95418A2EE}.Release|ARM.Build.0 = Release|ARM
		{28D502B9-297C-453A-8011-DFF95418A2EE}.Release|ARM.Deploy.0 = Release|ARM
		{28D502B9-297C-453A-8011-DFF95418A2EE}.Release|ARM64.ActiveCfg = Release|ARM64
		{28D502B9-297C-453A-8011-DFF95418A2EE}.Release|ARM64.Build.0 = Release|ARM64
		{28D502B9-297C-453A-8011-DFF95418A2EE}.Release|ARM64.Deploy.0 = Release|ARM64
		{28D502B9-297C-453A-8011-DFF95418A2EE}.Release|x64.ActiveCfg = Release|x64
		{28D502B9-297C-453A-8011-DFF95418A2EE}.Release|x64.Build.0 = Release|x64
		{28D502B9-297C-453A-8011-DFF95418A2EE}.Release|x64.Deploy.0 = Release|x64
		{28D502B9-297C-453A-8011-DFF95418A2EE}.Release|x86.ActiveCfg = Release|x86
		{28D502B9-297C-453A-8011-DFF95418A2EE}.Release|x86.Build.0 = Release|x86
		{28D502B9-297C-453A-8011-DFF95418A2EE}.Release|x86.Deploy.0 = Release|x86
	EndGlobalSection
	GlobalSection(SolutionProperties) = preSolution
		HideSolutionNode = FALSE
	EndGlobalSection
	GlobalSection(ExtensibilityGlobals) = postSolution
		SolutionGuid = {1E444AA7-89E7-488F-9FD6-CCB4F88D3760}
	EndGlobalSection
EndGlobal
